
Microsoft Visual Studio Solution File, Format Version 12.00
# Visual Studio Version 17
VisualStudioVersion = 17.14.36310.24 d17.14
MinimumVisualStudioVersion = 10.0.40219.1
Project("{FAE04EC0-301F-11D3-BF4B-00C04F79EFBC}") = "ExceptionClasses", "ExceptionClasses\ExceptionClasses.csproj", "{53E8F37F-05BF-4184-9A39-96693132AF2C}"
EndProject
Global
	GlobalSection(SolutionConfigurationPlatforms) = preSolution
		Debug|Any CPU = Debug|Any CPU
		Release|Any CPU = Release|Any CPU
	EndGlobalSection
	GlobalSection(ProjectConfigurationPlatforms) = postSolution
		{53E8F37F-05BF-4184-9A39-96693132AF2C}.Debug|Any CPU.ActiveCfg = Debug|Any CPU
		{53E8F37F-05BF-4184-9A39-96693132AF2C}.Debug|Any CPU.Build.0 = Debug|Any CPU
		{53E8F37F-05BF-4184-9A39-96693132AF2C}.Release|Any CPU.ActiveCfg = Release|Any CPU
		{53E8F37F-05BF-4184-9A39-96693132AF2C}.Release|Any CPU.Build.0 = Release|Any CPU
	EndGlobalSection
	GlobalSection(SolutionProperties) = preSolution
		HideSolutionNode = FALSE
	EndGlobalSection
	GlobalSection(ExtensibilityGlobals) = postSolution
		SolutionGuid = {213DE473-FC91-40E1-AF72-F5ADC9202103}
	EndGlobalSection
EndGlobal
